// !$*UTF8*$!
{
	archiveVersion = 1;
	classes = {
	};
	objectVersion = 52;
	objects = {

/* Begin PBXBuildFile section */
		8910C21424D36AA0001A6A85 /* Sliders in Frameworks */ = {isa = PBXBuildFile; productRef = 8910C21324D36AA0001A6A85 /* Sliders */; };
		8959E85024D5AD6F000F09E1 /* PodcastData.xcdatamodeld in Sources */ = {isa = PBXBuildFile; fileRef = 8959E84E24D5AD6F000F09E1 /* PodcastData.xcdatamodeld */; };
		8959E85124D5AD6F000F09E1 /* PodcastData.xcdatamodeld in Sources */ = {isa = PBXBuildFile; fileRef = 8959E84E24D5AD6F000F09E1 /* PodcastData.xcdatamodeld */; };
		8959E85324D5B02D000F09E1 /* PodcastData.swift in Sources */ = {isa = PBXBuildFile; fileRef = 8959E85224D5B02D000F09E1 /* PodcastData.swift */; };
		8959E85424D5B02D000F09E1 /* PodcastData.swift in Sources */ = {isa = PBXBuildFile; fileRef = 8959E85224D5B02D000F09E1 /* PodcastData.swift */; };
		89B7175124DAB8FC00EFF670 /* PodcastsView.swift in Sources */ = {isa = PBXBuildFile; fileRef = 89B7CCC624D1BBE5000D31E2 /* PodcastsView.swift */; };
		89B7175224DAB90300EFF670 /* EpisodesView.swift in Sources */ = {isa = PBXBuildFile; fileRef = 89F3A2ED24D315130058FEB2 /* EpisodesView.swift */; };
		89B7175324DAB90C00EFF670 /* PlayerView.swift in Sources */ = {isa = PBXBuildFile; fileRef = 89F3A2F024D315A20058FEB2 /* PlayerView.swift */; };
		89B7175424DAB90C00EFF670 /* PlayerControlsView.swift in Sources */ = {isa = PBXBuildFile; fileRef = 89AF63B824D473950046C8E6 /* PlayerControlsView.swift */; };
		89B7175524DAB90C00EFF670 /* PlayerProgressSliderView.swift in Sources */ = {isa = PBXBuildFile; fileRef = 89AF63BE24D482AD0046C8E6 /* PlayerProgressSliderView.swift */; };
		89B7175624DAB90C00EFF670 /* Player.swift in Sources */ = {isa = PBXBuildFile; fileRef = 89F3A2F324D319700058FEB2 /* Player.swift */; };
		89B7CCD824D1BBE6000D31E2 /* PodcastApp.swift in Sources */ = {isa = PBXBuildFile; fileRef = 89B7CCC524D1BBE5000D31E2 /* PodcastApp.swift */; };
		89B7CCD924D1BBE6000D31E2 /* PodcastApp.swift in Sources */ = {isa = PBXBuildFile; fileRef = 89B7CCC524D1BBE5000D31E2 /* PodcastApp.swift */; };
		89B7CCDC24D1BBE6000D31E2 /* Assets.xcassets in Resources */ = {isa = PBXBuildFile; fileRef = 89B7CCC724D1BBE6000D31E2 /* Assets.xcassets */; };
		89B7CCDD24D1BBE6000D31E2 /* Assets.xcassets in Resources */ = {isa = PBXBuildFile; fileRef = 89B7CCC724D1BBE6000D31E2 /* Assets.xcassets */; };
		89B7CCE724D1BE30000D31E2 /* PodcastParser.swift in Sources */ = {isa = PBXBuildFile; fileRef = 89B7CCE624D1BE30000D31E2 /* PodcastParser.swift */; };
		89B7CCE824D1BE30000D31E2 /* PodcastParser.swift in Sources */ = {isa = PBXBuildFile; fileRef = 89B7CCE624D1BE30000D31E2 /* PodcastParser.swift */; };
		89B7CCEE24D1BF8C000D31E2 /* podcast.xml in Resources */ = {isa = PBXBuildFile; fileRef = 89B7CCED24D1BF8C000D31E2 /* podcast.xml */; };
		89B7CCEF24D1BF8C000D31E2 /* podcast.xml in Resources */ = {isa = PBXBuildFile; fileRef = 89B7CCED24D1BF8C000D31E2 /* podcast.xml */; };
/* End PBXBuildFile section */

/* Begin PBXFileReference section */
		8959E84F24D5AD6F000F09E1 /* PodcastData.xcdatamodel */ = {isa = PBXFileReference; lastKnownFileType = wrapper.xcdatamodel; path = PodcastData.xcdatamodel; sourceTree = "<group>"; };
		8959E85224D5B02D000F09E1 /* PodcastData.swift */ = {isa = PBXFileReference; lastKnownFileType = sourcecode.swift; path = PodcastData.swift; sourceTree = "<group>"; };
		89AF63B824D473950046C8E6 /* PlayerControlsView.swift */ = {isa = PBXFileReference; lastKnownFileType = sourcecode.swift; path = PlayerControlsView.swift; sourceTree = "<group>"; };
		89AF63BE24D482AD0046C8E6 /* PlayerProgressSliderView.swift */ = {isa = PBXFileReference; lastKnownFileType = sourcecode.swift; path = PlayerProgressSliderView.swift; sourceTree = "<group>"; };
		89B7CCC524D1BBE5000D31E2 /* PodcastApp.swift */ = {isa = PBXFileReference; lastKnownFileType = sourcecode.swift; path = PodcastApp.swift; sourceTree = "<group>"; };
		89B7CCC624D1BBE5000D31E2 /* PodcastsView.swift */ = {isa = PBXFileReference; lastKnownFileType = sourcecode.swift; path = PodcastsView.swift; sourceTree = "<group>"; };
		89B7CCC724D1BBE6000D31E2 /* Assets.xcassets */ = {isa = PBXFileReference; lastKnownFileType = folder.assetcatalog; path = Assets.xcassets; sourceTree = "<group>"; };
		89B7CCCC24D1BBE6000D31E2 /* PodcastApp.app */ = {isa = PBXFileReference; explicitFileType = wrapper.application; includeInIndex = 0; path = PodcastApp.app; sourceTree = BUILT_PRODUCTS_DIR; };
		89B7CCCF24D1BBE6000D31E2 /* Info.plist */ = {isa = PBXFileReference; lastKnownFileType = text.plist.xml; path = Info.plist; sourceTree = "<group>"; };
		89B7CCD424D1BBE6000D31E2 /* PodcastApp.app */ = {isa = PBXFileReference; explicitFileType = wrapper.application; includeInIndex = 0; path = PodcastApp.app; sourceTree = BUILT_PRODUCTS_DIR; };
		89B7CCD624D1BBE6000D31E2 /* Info.plist */ = {isa = PBXFileReference; lastKnownFileType = text.plist.xml; path = Info.plist; sourceTree = "<group>"; };
		89B7CCD724D1BBE6000D31E2 /* macOS.entitlements */ = {isa = PBXFileReference; lastKnownFileType = text.plist.entitlements; path = macOS.entitlements; sourceTree = "<group>"; };
		89B7CCE624D1BE30000D31E2 /* PodcastParser.swift */ = {isa = PBXFileReference; lastKnownFileType = sourcecode.swift; path = PodcastParser.swift; sourceTree = "<group>"; };
		89B7CCED24D1BF8C000D31E2 /* podcast.xml */ = {isa = PBXFileReference; fileEncoding = 4; lastKnownFileType = text.xml; path = podcast.xml; sourceTree = "<group>"; };
		89F3A2ED24D315130058FEB2 /* EpisodesView.swift */ = {isa = PBXFileReference; lastKnownFileType = sourcecode.swift; path = EpisodesView.swift; sourceTree = "<group>"; };
		89F3A2F024D315A20058FEB2 /* PlayerView.swift */ = {isa = PBXFileReference; lastKnownFileType = sourcecode.swift; path = PlayerView.swift; sourceTree = "<group>"; };
		89F3A2F324D319700058FEB2 /* Player.swift */ = {isa = PBXFileReference; lastKnownFileType = sourcecode.swift; path = Player.swift; sourceTree = "<group>"; };
/* End PBXFileReference section */

/* Begin PBXFrameworksBuildPhase section */
		89B7CCC924D1BBE6000D31E2 /* Frameworks */ = {
			isa = PBXFrameworksBuildPhase;
			buildActionMask = 2147483647;
			files = (
				8910C21424D36AA0001A6A85 /* Sliders in Frameworks */,
			);
			runOnlyForDeploymentPostprocessing = 0;
		};
		89B7CCD124D1BBE6000D31E2 /* Frameworks */ = {
			isa = PBXFrameworksBuildPhase;
			buildActionMask = 2147483647;
			files = (
			);
			runOnlyForDeploymentPostprocessing = 0;
		};
/* End PBXFrameworksBuildPhase section */

/* Begin PBXGroup section */
		89AF63BB24D4825B0046C8E6 /* Player */ = {
			isa = PBXGroup;
			children = (
				89F3A2F324D319700058FEB2 /* Player.swift */,
				89F3A2F024D315A20058FEB2 /* PlayerView.swift */,
				89AF63B824D473950046C8E6 /* PlayerControlsView.swift */,
				89AF63BE24D482AD0046C8E6 /* PlayerProgressSliderView.swift */,
			);
			path = Player;
			sourceTree = "<group>";
		};
		89AF63BD24D482760046C8E6 /* Navigation */ = {
			isa = PBXGroup;
			children = (
				89B7CCC624D1BBE5000D31E2 /* PodcastsView.swift */,
				89F3A2ED24D315130058FEB2 /* EpisodesView.swift */,
			);
			path = Navigation;
			sourceTree = "<group>";
		};
		89B7CCBF24D1BBE5000D31E2 = {
			isa = PBXGroup;
			children = (
				89B7CCE924D1BF57000D31E2 /* Resources */,
				89B7CCC424D1BBE5000D31E2 /* Shared */,
				89B7CCCE24D1BBE6000D31E2 /* iOS */,
				89B7CCD524D1BBE6000D31E2 /* macOS */,
				89B7CCCD24D1BBE6000D31E2 /* Products */,
			);
			sourceTree = "<group>";
		};
		89B7CCC424D1BBE5000D31E2 /* Shared */ = {
			isa = PBXGroup;
			children = (
				89B7CCC524D1BBE5000D31E2 /* PodcastApp.swift */,
				89AF63BD24D482760046C8E6 /* Navigation */,
				89AF63BB24D4825B0046C8E6 /* Player */,
				89B7CCC724D1BBE6000D31E2 /* Assets.xcassets */,
			);
			path = Shared;
			sourceTree = "<group>";
		};
		89B7CCCD24D1BBE6000D31E2 /* Products */ = {
			isa = PBXGroup;
			children = (
				89B7CCCC24D1BBE6000D31E2 /* PodcastApp.app */,
				89B7CCD424D1BBE6000D31E2 /* PodcastApp.app */,
			);
			name = Products;
			sourceTree = "<group>";
		};
		89B7CCCE24D1BBE6000D31E2 /* iOS */ = {
			isa = PBXGroup;
			children = (
				89B7CCCF24D1BBE6000D31E2 /* Info.plist */,
			);
			path = iOS;
			sourceTree = "<group>";
		};
		89B7CCD524D1BBE6000D31E2 /* macOS */ = {
			isa = PBXGroup;
			children = (
				89B7CCD624D1BBE6000D31E2 /* Info.plist */,
				89B7CCD724D1BBE6000D31E2 /* macOS.entitlements */,
			);
			path = macOS;
			sourceTree = "<group>";
		};
		89B7CCE924D1BF57000D31E2 /* Resources */ = {
			isa = PBXGroup;
			children = (
				89B7CCED24D1BF8C000D31E2 /* podcast.xml */,
				8959E84E24D5AD6F000F09E1 /* PodcastData.xcdatamodeld */,
				8959E85224D5B02D000F09E1 /* PodcastData.swift */,
				89B7CCE624D1BE30000D31E2 /* PodcastParser.swift */,
			);
			path = Resources;
			sourceTree = "<group>";
		};
/* End PBXGroup section */

/* Begin PBXNativeTarget section */
		89B7CCCB24D1BBE6000D31E2 /* PodcastApp (iOS) */ = {
			isa = PBXNativeTarget;
			buildConfigurationList = 89B7CCE024D1BBE6000D31E2 /* Build configuration list for PBXNativeTarget "PodcastApp (iOS)" */;
			buildPhases = (
				89B7CCC824D1BBE6000D31E2 /* Sources */,
				89B7CCC924D1BBE6000D31E2 /* Frameworks */,
				89B7CCCA24D1BBE6000D31E2 /* Resources */,
			);
			buildRules = (
			);
			dependencies = (
			);
			name = "PodcastApp (iOS)";
			packageProductDependencies = (
				8910C21324D36AA0001A6A85 /* Sliders */,
			);
			productName = "PodcastApp (iOS)";
			productReference = 89B7CCCC24D1BBE6000D31E2 /* PodcastApp.app */;
			productType = "com.apple.product-type.application";
		};
		89B7CCD324D1BBE6000D31E2 /* PodcastApp (macOS) */ = {
			isa = PBXNativeTarget;
			buildConfigurationList = 89B7CCE324D1BBE6000D31E2 /* Build configuration list for PBXNativeTarget "PodcastApp (macOS)" */;
			buildPhases = (
				89B7CCD024D1BBE6000D31E2 /* Sources */,
				89B7CCD124D1BBE6000D31E2 /* Frameworks */,
				89B7CCD224D1BBE6000D31E2 /* Resources */,
			);
			buildRules = (
			);
			dependencies = (
			);
			name = "PodcastApp (macOS)";
			productName = "PodcastApp (macOS)";
			productReference = 89B7CCD424D1BBE6000D31E2 /* PodcastApp.app */;
			productType = "com.apple.product-type.application";
		};
/* End PBXNativeTarget section */

/* Begin PBXProject section */
		89B7CCC024D1BBE5000D31E2 /* Project object */ = {
			isa = PBXProject;
			attributes = {
				LastSwiftUpdateCheck = 1200;
				LastUpgradeCheck = 1200;
				TargetAttributes = {
					89B7CCCB24D1BBE6000D31E2 = {
						CreatedOnToolsVersion = 12.0;
					};
					89B7CCD324D1BBE6000D31E2 = {
						CreatedOnToolsVersion = 12.0;
					};
				};
			};
			buildConfigurationList = 89B7CCC324D1BBE5000D31E2 /* Build configuration list for PBXProject "PodcastApp" */;
			compatibilityVersion = "Xcode 9.3";
			developmentRegion = en;
			hasScannedForEncodings = 0;
			knownRegions = (
				en,
				Base,
			);
			mainGroup = 89B7CCBF24D1BBE5000D31E2;
			packageReferences = (
				8910C21224D36AA0001A6A85 /* XCRemoteSwiftPackageReference "swiftui-sliders" */,
			);
			productRefGroup = 89B7CCCD24D1BBE6000D31E2 /* Products */;
			projectDirPath = "";
			projectRoot = "";
			targets = (
				89B7CCCB24D1BBE6000D31E2 /* PodcastApp (iOS) */,
				89B7CCD324D1BBE6000D31E2 /* PodcastApp (macOS) */,
			);
		};
/* End PBXProject section */

/* Begin PBXResourcesBuildPhase section */
		89B7CCCA24D1BBE6000D31E2 /* Resources */ = {
			isa = PBXResourcesBuildPhase;
			buildActionMask = 2147483647;
			files = (
				89B7CCEE24D1BF8C000D31E2 /* podcast.xml in Resources */,
				89B7CCDC24D1BBE6000D31E2 /* Assets.xcassets in Resources */,
			);
			runOnlyForDeploymentPostprocessing = 0;
		};
		89B7CCD224D1BBE6000D31E2 /* Resources */ = {
			isa = PBXResourcesBuildPhase;
			buildActionMask = 2147483647;
			files = (
				89B7CCEF24D1BF8C000D31E2 /* podcast.xml in Resources */,
				89B7CCDD24D1BBE6000D31E2 /* Assets.xcassets in Resources */,
			);
			runOnlyForDeploymentPostprocessing = 0;
		};
/* End PBXResourcesBuildPhase section */

/* Begin PBXSourcesBuildPhase section */
		89B7CCC824D1BBE6000D31E2 /* Sources */ = {
			isa = PBXSourcesBuildPhase;
			buildActionMask = 2147483647;
			files = (
				89B7175224DAB90300EFF670 /* EpisodesView.swift in Sources */,
				89B7175124DAB8FC00EFF670 /* PodcastsView.swift in Sources */,
				89B7175324DAB90C00EFF670 /* PlayerView.swift in Sources */,
				8959E85324D5B02D000F09E1 /* PodcastData.swift in Sources */,
				8959E85024D5AD6F000F09E1 /* PodcastData.xcdatamodeld in Sources */,
				89B7CCE724D1BE30000D31E2 /* PodcastParser.swift in Sources */,
				89B7CCD824D1BBE6000D31E2 /* PodcastApp.swift in Sources */,
				89B7175424DAB90C00EFF670 /* PlayerControlsView.swift in Sources */,
				89B7175624DAB90C00EFF670 /* Player.swift in Sources */,
				89B7175524DAB90C00EFF670 /* PlayerProgressSliderView.swift in Sources */,
			);
			runOnlyForDeploymentPostprocessing = 0;
		};
		89B7CCD024D1BBE6000D31E2 /* Sources */ = {
			isa = PBXSourcesBuildPhase;
			buildActionMask = 2147483647;
			files = (
				8959E85424D5B02D000F09E1 /* PodcastData.swift in Sources */,
				8959E85124D5AD6F000F09E1 /* PodcastData.xcdatamodeld in Sources */,
				89B7CCE824D1BE30000D31E2 /* PodcastParser.swift in Sources */,
				89B7CCD924D1BBE6000D31E2 /* PodcastApp.swift in Sources */,
			);
			runOnlyForDeploymentPostprocessing = 0;
		};
/* End PBXSourcesBuildPhase section */

/* Begin XCBuildConfiguration section */
		89B7CCDE24D1BBE6000D31E2 /* Debug */ = {
			isa = XCBuildConfiguration;
			buildSettings = {
				ALWAYS_SEARCH_USER_PATHS = NO;
				CLANG_ANALYZER_NONNULL = YES;
				CLANG_ANALYZER_NUMBER_OBJECT_CONVERSION = YES_AGGRESSIVE;
				CLANG_CXX_LANGUAGE_STANDARD = "gnu++14";
				CLANG_CXX_LIBRARY = "libc++";
				CLANG_ENABLE_MODULES = YES;
				CLANG_ENABLE_OBJC_ARC = YES;
				CLANG_ENABLE_OBJC_WEAK = YES;
				CLANG_WARN_BLOCK_CAPTURE_AUTORELEASING = YES;
				CLANG_WARN_BOOL_CONVERSION = YES;
				CLANG_WARN_COMMA = YES;
				CLANG_WARN_CONSTANT_CONVERSION = YES;
				CLANG_WARN_DEPRECATED_OBJC_IMPLEMENTATIONS = YES;
				CLANG_WARN_DIRECT_OBJC_ISA_USAGE = YES_ERROR;
				CLANG_WARN_DOCUMENTATION_COMMENTS = YES;
				CLANG_WARN_EMPTY_BODY = YES;
				CLANG_WARN_ENUM_CONVERSION = YES;
				CLANG_WARN_INFINITE_RECURSION = YES;
				CLANG_WARN_INT_CONVERSION = YES;
				CLANG_WARN_NON_LITERAL_NULL_CONVERSION = YES;
				CLANG_WARN_OBJC_IMPLICIT_RETAIN_SELF = YES;
				CLANG_WARN_OBJC_LITERAL_CONVERSION = YES;
				CLANG_WARN_OBJC_ROOT_CLASS = YES_ERROR;
				CLANG_WARN_QUOTED_INCLUDE_IN_FRAMEWORK_HEADER = YES;
				CLANG_WARN_RANGE_LOOP_ANALYSIS = YES;
				CLANG_WARN_STRICT_PROTOTYPES = YES;
				CLANG_WARN_SUSPICIOUS_MOVE = YES;
				CLANG_WARN_UNGUARDED_AVAILABILITY = YES_AGGRESSIVE;
				CLANG_WARN_UNREACHABLE_CODE = YES;
				CLANG_WARN__DUPLICATE_METHOD_MATCH = YES;
				COPY_PHASE_STRIP = NO;
				DEBUG_INFORMATION_FORMAT = dwarf;
				ENABLE_STRICT_OBJC_MSGSEND = YES;
				ENABLE_TESTABILITY = YES;
				GCC_C_LANGUAGE_STANDARD = gnu11;
				GCC_DYNAMIC_NO_PIC = NO;
				GCC_NO_COMMON_BLOCKS = YES;
				GCC_OPTIMIZATION_LEVEL = 0;
				GCC_PREPROCESSOR_DEFINITIONS = (
					"DEBUG=1",
					"$(inherited)",
				);
				GCC_WARN_64_TO_32_BIT_CONVERSION = YES;
				GCC_WARN_ABOUT_RETURN_TYPE = YES_ERROR;
				GCC_WARN_UNDECLARED_SELECTOR = YES;
				GCC_WARN_UNINITIALIZED_AUTOS = YES_AGGRESSIVE;
				GCC_WARN_UNUSED_FUNCTION = YES;
				GCC_WARN_UNUSED_VARIABLE = YES;
				MTL_ENABLE_DEBUG_INFO = INCLUDE_SOURCE;
				MTL_FAST_MATH = YES;
				ONLY_ACTIVE_ARCH = YES;
				SWIFT_ACTIVE_COMPILATION_CONDITIONS = DEBUG;
				SWIFT_OPTIMIZATION_LEVEL = "-Onone";
			};
			name = Debug;
		};
		89B7CCDF24D1BBE6000D31E2 /* Release */ = {
			isa = XCBuildConfiguration;
			buildSettings = {
				ALWAYS_SEARCH_USER_PATHS = NO;
				CLANG_ANALYZER_NONNULL = YES;
				CLANG_ANALYZER_NUMBER_OBJECT_CONVERSION = YES_AGGRESSIVE;
				CLANG_CXX_LANGUAGE_STANDARD = "gnu++14";
				CLANG_CXX_LIBRARY = "libc++";
				CLANG_ENABLE_MODULES = YES;
				CLANG_ENABLE_OBJC_ARC = YES;
				CLANG_ENABLE_OBJC_WEAK = YES;
				CLANG_WARN_BLOCK_CAPTURE_AUTORELEASING = YES;
				CLANG_WARN_BOOL_CONVERSION = YES;
				CLANG_WARN_COMMA = YES;
				CLANG_WARN_CONSTANT_CONVERSION = YES;
				CLANG_WARN_DEPRECATED_OBJC_IMPLEMENTATIONS = YES;
				CLANG_WARN_DIRECT_OBJC_ISA_USAGE = YES_ERROR;
				CLANG_WARN_DOCUMENTATION_COMMENTS = YES;
				CLANG_WARN_EMPTY_BODY = YES;
				CLANG_WARN_ENUM_CONVERSION = YES;
				CLANG_WARN_INFINITE_RECURSION = YES;
				CLANG_WARN_INT_CONVERSION = YES;
				CLANG_WARN_NON_LITERAL_NULL_CONVERSION = YES;
				CLANG_WARN_OBJC_IMPLICIT_RETAIN_SELF = YES;
				CLANG_WARN_OBJC_LITERAL_CONVERSION = YES;
				CLANG_WARN_OBJC_ROOT_CLASS = YES_ERROR;
				CLANG_WARN_QUOTED_INCLUDE_IN_FRAMEWORK_HEADER = YES;
				CLANG_WARN_RANGE_LOOP_ANALYSIS = YES;
				CLANG_WARN_STRICT_PROTOTYPES = YES;
				CLANG_WARN_SUSPICIOUS_MOVE = YES;
				CLANG_WARN_UNGUARDED_AVAILABILITY = YES_AGGRESSIVE;
				CLANG_WARN_UNREACHABLE_CODE = YES;
				CLANG_WARN__DUPLICATE_METHOD_MATCH = YES;
				COPY_PHASE_STRIP = NO;
				DEBUG_INFORMATION_FORMAT = "dwarf-with-dsym";
				ENABLE_NS_ASSERTIONS = NO;
				ENABLE_STRICT_OBJC_MSGSEND = YES;
				GCC_C_LANGUAGE_STANDARD = gnu11;
				GCC_NO_COMMON_BLOCKS = YES;
				GCC_WARN_64_TO_32_BIT_CONVERSION = YES;
				GCC_WARN_ABOUT_RETURN_TYPE = YES_ERROR;
				GCC_WARN_UNDECLARED_SELECTOR = YES;
				GCC_WARN_UNINITIALIZED_AUTOS = YES_AGGRESSIVE;
				GCC_WARN_UNUSED_FUNCTION = YES;
				GCC_WARN_UNUSED_VARIABLE = YES;
				MTL_ENABLE_DEBUG_INFO = NO;
				MTL_FAST_MATH = YES;
				SWIFT_COMPILATION_MODE = wholemodule;
				SWIFT_OPTIMIZATION_LEVEL = "-O";
			};
			name = Release;
		};
		89B7CCE124D1BBE6000D31E2 /* Debug */ = {
			isa = XCBuildConfiguration;
			buildSettings = {
				ASSETCATALOG_COMPILER_APPICON_NAME = AppIcon;
				ASSETCATALOG_COMPILER_GLOBAL_ACCENT_COLOR_NAME = AccentColor;
				CODE_SIGN_STYLE = Automatic;
				DEVELOPMENT_TEAM = UTHKX6J9ZS;
				ENABLE_PREVIEWS = YES;
				INFOPLIST_FILE = iOS/Info.plist;
				IPHONEOS_DEPLOYMENT_TARGET = 14.0;
				LD_RUNPATH_SEARCH_PATHS = (
					"$(inherited)",
					"@executable_path/Frameworks",
				);
				PRODUCT_BUNDLE_IDENTIFIER = com.ciankm.PodcastApp;
				PRODUCT_NAME = PodcastApp;
				SDKROOT = iphoneos;
				SWIFT_VERSION = 5.0;
				TARGETED_DEVICE_FAMILY = 1;
			};
			name = Debug;
		};
		89B7CCE224D1BBE6000D31E2 /* Release */ = {
			isa = XCBuildConfiguration;
			buildSettings = {
				ASSETCATALOG_COMPILER_APPICON_NAME = AppIcon;
				ASSETCATALOG_COMPILER_GLOBAL_ACCENT_COLOR_NAME = AccentColor;
				CODE_SIGN_STYLE = Automatic;
				DEVELOPMENT_TEAM = UTHKX6J9ZS;
				ENABLE_PREVIEWS = YES;
				INFOPLIST_FILE = iOS/Info.plist;
				IPHONEOS_DEPLOYMENT_TARGET = 14.0;
				LD_RUNPATH_SEARCH_PATHS = (
					"$(inherited)",
					"@executable_path/Frameworks",
				);
				PRODUCT_BUNDLE_IDENTIFIER = com.ciankm.PodcastApp;
				PRODUCT_NAME = PodcastApp;
				SDKROOT = iphoneos;
				SWIFT_VERSION = 5.0;
				TARGETED_DEVICE_FAMILY = 1;
				VALIDATE_PRODUCT = YES;
			};
			name = Release;
		};
		89B7CCE424D1BBE6000D31E2 /* Debug */ = {
			isa = XCBuildConfiguration;
			buildSettings = {
				ASSETCATALOG_COMPILER_APPICON_NAME = AppIcon;
				ASSETCATALOG_COMPILER_GLOBAL_ACCENT_COLOR_NAME = AccentColor;
				CODE_SIGN_ENTITLEMENTS = macOS/macOS.entitlements;
				CODE_SIGN_STYLE = Automatic;
				COMBINE_HIDPI_IMAGES = YES;
				DEVELOPMENT_TEAM = UTHKX6J9ZS;
				ENABLE_HARDENED_RUNTIME = YES;
				ENABLE_PREVIEWS = YES;
				INFOPLIST_FILE = macOS/Info.plist;
				LD_RUNPATH_SEARCH_PATHS = (
					"$(inherited)",
					"@executable_path/../Frameworks",
				);
				MACOSX_DEPLOYMENT_TARGET = 11.0;
				PRODUCT_BUNDLE_IDENTIFIER = com.ciankm.PodcastApp;
				PRODUCT_NAME = PodcastApp;
				SDKROOT = macosx;
				SWIFT_VERSION = 5.0;
			};
			name = Debug;
		};
		89B7CCE524D1BBE6000D31E2 /* Release */ = {
			isa = XCBuildConfiguration;
			buildSettings = {
				ASSETCATALOG_COMPILER_APPICON_NAME = AppIcon;
				ASSETCATALOG_COMPILER_GLOBAL_ACCENT_COLOR_NAME = AccentColor;
				CODE_SIGN_ENTITLEMENTS = macOS/macOS.entitlements;
				CODE_SIGN_STYLE = Automatic;
				COMBINE_HIDPI_IMAGES = YES;
				DEVELOPMENT_TEAM = UTHKX6J9ZS;
				ENABLE_HARDENED_RUNTIME = YES;
				ENABLE_PREVIEWS = YES;
				INFOPLIST_FILE = macOS/Info.plist;
				LD_RUNPATH_SEARCH_PATHS = (
					"$(inherited)",
					"@executable_path/../Frameworks",
				);
				MACOSX_DEPLOYMENT_TARGET = 11.0;
				PRODUCT_BUNDLE_IDENTIFIER = com.ciankm.PodcastApp;
				PRODUCT_NAME = PodcastApp;
				SDKROOT = macosx;
				SWIFT_VERSION = 5.0;
			};
			name = Release;
		};
/* End XCBuildConfiguration section */

/* Begin XCConfigurationList section */
		89B7CCC324D1BBE5000D31E2 /* Build configuration list for PBXProject "PodcastApp" */ = {
			isa = XCConfigurationList;
			buildConfigurations = (
				89B7CCDE24D1BBE6000D31E2 /* Debug */,
				89B7CCDF24D1BBE6000D31E2 /* Release */,
			);
			defaultConfigurationIsVisible = 0;
			defaultConfigurationName = Release;
		};
		89B7CCE024D1BBE6000D31E2 /* Build configuration list for PBXNativeTarget "PodcastApp (iOS)" */ = {
			isa = XCConfigurationList;
			buildConfigurations = (
				89B7CCE124D1BBE6000D31E2 /* Debug */,
				89B7CCE224D1BBE6000D31E2 /* Release */,
			);
			defaultConfigurationIsVisible = 0;
			defaultConfigurationName = Release;
		};
		89B7CCE324D1BBE6000D31E2 /* Build configuration list for PBXNativeTarget "PodcastApp (macOS)" */ = {
			isa = XCConfigurationList;
			buildConfigurations = (
				89B7CCE424D1BBE6000D31E2 /* Debug */,
				89B7CCE524D1BBE6000D31E2 /* Release */,
			);
			defaultConfigurationIsVisible = 0;
			defaultConfigurationName = Release;
		};
/* End XCConfigurationList section */

/* Begin XCRemoteSwiftPackageReference section */
		8910C21224D36AA0001A6A85 /* XCRemoteSwiftPackageReference "swiftui-sliders" */ = {
			isa = XCRemoteSwiftPackageReference;
			repositoryURL = "git@github.com:spacenation/swiftui-sliders.git";
			requirement = {
				kind = upToNextMajorVersion;
				minimumVersion = 1.0.0;
			};
		};
/* End XCRemoteSwiftPackageReference section */

/* Begin XCSwiftPackageProductDependency section */
		8910C21324D36AA0001A6A85 /* Sliders */ = {
			isa = XCSwiftPackageProductDependency;
			package = 8910C21224D36AA0001A6A85 /* XCRemoteSwiftPackageReference "swiftui-sliders" */;
			productName = Sliders;
		};
/* End XCSwiftPackageProductDependency section */

/* Begin XCVersionGroup section */
		8959E84E24D5AD6F000F09E1 /* PodcastData.xcdatamodeld */ = {
			isa = XCVersionGroup;
			children = (
				8959E84F24D5AD6F000F09E1 /* PodcastData.xcdatamodel */,
			);
			currentVersion = 8959E84F24D5AD6F000F09E1 /* PodcastData.xcdatamodel */;
			path = PodcastData.xcdatamodeld;
			sourceTree = "<group>";
			versionGroupType = wrapper.xcdatamodel;
		};
/* End XCVersionGroup section */
	};
	rootObject = 89B7CCC024D1BBE5000D31E2 /* Project object */;
}
